
Microsoft Visual Studio Solution File, Format Version 12.00
# Visual Studio Version 17
VisualStudioVersion = 17.0.31903.59
MinimumVisualStudioVersion = 10.0.40219.1
Project("{FAE04EC0-301F-11D3-BF4B-00C04F79EFBC}") = "API", "API\API.csproj", "{74B3E818-AF7D-4D6A-9AA6-8E21F73F9F74}"
EndProject
Project("{FAE04EC0-301F-11D3-BF4B-00C04F79EFBC}") = "Core", "Core\Core.csproj", "{3301CD8D-CEA8-42FE-AFFE-9976965DE3FB}"
EndProject
Project("{FAE04EC0-301F-11D3-BF4B-00C04F79EFBC}") = "Infrastructure", "Infrastructure\Infrastructure.csproj", "{AECE6122-4F89-4529-B213-FBCC4A809171}"
EndProject
Global
	GlobalSection(SolutionConfigurationPlatforms) = preSolution
		Debug|Any CPU = Debug|Any CPU
		Release|Any CPU = Release|Any CPU
	EndGlobalSection
	GlobalSection(SolutionProperties) = preSolution
		HideSolutionNode = FALSE
	EndGlobalSection
	GlobalSection(ProjectConfigurationPlatforms) = postSolution
		{74B3E818-AF7D-4D6A-9AA6-8E21F73F9F74}.Debug|Any CPU.ActiveCfg = Debug|Any CPU
		{74B3E818-AF7D-4D6A-9AA6-8E21F73F9F74}.Debug|Any CPU.Build.0 = Debug|Any CPU
		{74B3E818-AF7D-4D6A-9AA6-8E21F73F9F74}.Release|Any CPU.ActiveCfg = Release|Any CPU
		{74B3E818-AF7D-4D6A-9AA6-8E21F73F9F74}.Release|Any CPU.Build.0 = Release|Any CPU
		{3301CD8D-CEA8-42FE-AFFE-9976965DE3FB}.Debug|Any CPU.ActiveCfg = Debug|Any CPU
		{3301CD8D-CEA8-42FE-AFFE-9976965DE3FB}.Debug|Any CPU.Build.0 = Debug|Any CPU
		{3301CD8D-CEA8-42FE-AFFE-9976965DE3FB}.Release|Any CPU.ActiveCfg = Release|Any CPU
		{3301CD8D-CEA8-42FE-AFFE-9976965DE3FB}.Release|Any CPU.Build.0 = Release|Any CPU
		{AECE6122-4F89-4529-B213-FBCC4A809171}.Debug|Any CPU.ActiveCfg = Debug|Any CPU
		{AECE6122-4F89-4529-B213-FBCC4A809171}.Debug|Any CPU.Build.0 = Debug|Any CPU
		{AECE6122-4F89-4529-B213-FBCC4A809171}.Release|Any CPU.ActiveCfg = Release|Any CPU
		{AECE6122-4F89-4529-B213-FBCC4A809171}.Release|Any CPU.Build.0 = Release|Any CPU
	EndGlobalSection
EndGlobal
